// !$*UTF8*$!
{
	archiveVersion = 1;
	classes = {
	};
	objectVersion = 56;
	objects = {

/* Begin PBXBuildFile section */
		596F94562BFD61270092F51C /* Assignment1_SwiftUIApp.swift in Sources */ = {isa = PBXBuildFile; fileRef = 596F94552BFD61270092F51C /* Assignment1_SwiftUIApp.swift */; };
		596F94582BFD61270092F51C /* ContentView.swift in Sources */ = {isa = PBXBuildFile; fileRef = 596F94572BFD61270092F51C /* ContentView.swift */; };
		596F945A2BFD61290092F51C /* Assets.xcassets in Resources */ = {isa = PBXBuildFile; fileRef = 596F94592BFD61290092F51C /* Assets.xcassets */; };
		596F945D2BFD61290092F51C /* Preview Assets.xcassets in Resources */ = {isa = PBXBuildFile; fileRef = 596F945C2BFD61290092F51C /* Preview Assets.xcassets */; };
		596F94662BFE43010092F51C /* GuitarRectView.swift in Sources */ = {isa = PBXBuildFile; fileRef = 596F94652BFE43010092F51C /* GuitarRectView.swift */; };
		596F94682BFE447B0092F51C /* ChatRectView.swift in Sources */ = {isa = PBXBuildFile; fileRef = 596F94672BFE447B0092F51C /* ChatRectView.swift */; };
		596F946A2BFE72090092F51C /* NewsRectView.swift in Sources */ = {isa = PBXBuildFile; fileRef = 596F94692BFE72090092F51C /* NewsRectView.swift */; };
		596F946E2BFEA5EB0092F51C /* Item.swift in Sources */ = {isa = PBXBuildFile; fileRef = 596F946D2BFEA5EB0092F51C /* Item.swift */; };
		596F94762BFEACB40092F51C /* ScrollableList.swift in Sources */ = {isa = PBXBuildFile; fileRef = 596F94752BFEACB40092F51C /* ScrollableList.swift */; };
/* End PBXBuildFile section */

/* Begin PBXFileReference section */
		596F94522BFD61270092F51C /* Assignment1-SwiftUI.app */ = {isa = PBXFileReference; explicitFileType = wrapper.application; includeInIndex = 0; path = "Assignment1-SwiftUI.app"; sourceTree = BUILT_PRODUCTS_DIR; };
		596F94552BFD61270092F51C /* Assignment1_SwiftUIApp.swift */ = {isa = PBXFileReference; lastKnownFileType = sourcecode.swift; path = Assignment1_SwiftUIApp.swift; sourceTree = "<group>"; };
		596F94572BFD61270092F51C /* ContentView.swift */ = {isa = PBXFileReference; lastKnownFileType = sourcecode.swift; path = ContentView.swift; sourceTree = "<group>"; };
		596F94592BFD61290092F51C /* Assets.xcassets */ = {isa = PBXFileReference; lastKnownFileType = folder.assetcatalog; name = Assets.xcassets; path = "../New Group/Assets.xcassets"; sourceTree = "<group>"; };
		596F945C2BFD61290092F51C /* Preview Assets.xcassets */ = {isa = PBXFileReference; lastKnownFileType = folder.assetcatalog; path = "Preview Assets.xcassets"; sourceTree = "<group>"; };
		596F94652BFE43010092F51C /* GuitarRectView.swift */ = {isa = PBXFileReference; lastKnownFileType = sourcecode.swift; path = GuitarRectView.swift; sourceTree = "<group>"; };
		596F94672BFE447B0092F51C /* ChatRectView.swift */ = {isa = PBXFileReference; lastKnownFileType = sourcecode.swift; path = ChatRectView.swift; sourceTree = "<group>"; };
		596F94692BFE72090092F51C /* NewsRectView.swift */ = {isa = PBXFileReference; lastKnownFileType = sourcecode.swift; path = NewsRectView.swift; sourceTree = "<group>"; };
		596F946D2BFEA5EB0092F51C /* Item.swift */ = {isa = PBXFileReference; lastKnownFileType = sourcecode.swift; path = Item.swift; sourceTree = "<group>"; };
		596F94752BFEACB40092F51C /* ScrollableList.swift */ = {isa = PBXFileReference; lastKnownFileType = sourcecode.swift; path = ScrollableList.swift; sourceTree = "<group>"; };
/* End PBXFileReference section */

/* Begin PBXFrameworksBuildPhase section */
		596F944F2BFD61270092F51C /* Frameworks */ = {
			isa = PBXFrameworksBuildPhase;
			buildActionMask = 2147483647;
			files = (
			);
			runOnlyForDeploymentPostprocessing = 0;
		};
/* End PBXFrameworksBuildPhase section */

/* Begin PBXGroup section */
		596F94492BFD61270092F51C = {
			isa = PBXGroup;
			children = (
				596F94542BFD61270092F51C /* Assignment1-SwiftUI */,
				596F94532BFD61270092F51C /* Products */,
			);
			sourceTree = "<group>";
		};
		596F94532BFD61270092F51C /* Products */ = {
			isa = PBXGroup;
			children = (
				596F94522BFD61270092F51C /* Assignment1-SwiftUI.app */,
			);
			name = Products;
			sourceTree = "<group>";
		};
		596F94542BFD61270092F51C /* Assignment1-SwiftUI */ = {
			isa = PBXGroup;
			children = (
				596F94702BFEA8600092F51C /* Scene */,
				596F94572BFD61270092F51C /* ContentView.swift */,
				596F946F2BFEA7C20092F51C /* RectangleViews */,
				596F94712BFEA87B0092F51C /* ItemData */,
				596F94732BFEAA4B0092F51C /* Resources */,
				596F945B2BFD61290092F51C /* Preview Content */,
			);
			path = "Assignment1-SwiftUI";
			sourceTree = "<group>";
		};
		596F945B2BFD61290092F51C /* Preview Content */ = {
			isa = PBXGroup;
			children = (
				596F945C2BFD61290092F51C /* Preview Assets.xcassets */,
			);
			path = "Preview Content";
			sourceTree = "<group>";
		};
		596F946F2BFEA7C20092F51C /* RectangleViews */ = {
			isa = PBXGroup;
			children = (
				596F94652BFE43010092F51C /* GuitarRectView.swift */,
				596F94672BFE447B0092F51C /* ChatRectView.swift */,
				596F94692BFE72090092F51C /* NewsRectView.swift */,
				596F94752BFEACB40092F51C /* ScrollableList.swift */,
			);
			path = RectangleViews;
			sourceTree = "<group>";
		};
		596F94702BFEA8600092F51C /* Scene */ = {
			isa = PBXGroup;
			children = (
				596F94552BFD61270092F51C /* Assignment1_SwiftUIApp.swift */,
			);
			path = Scene;
			sourceTree = "<group>";
		};
		596F94712BFEA87B0092F51C /* ItemData */ = {
			isa = PBXGroup;
			children = (
				596F946D2BFEA5EB0092F51C /* Item.swift */,
			);
			path = ItemData;
			sourceTree = "<group>";
		};
		596F94732BFEAA4B0092F51C /* Resources */ = {
			isa = PBXGroup;
			children = (
				596F94592BFD61290092F51C /* Assets.xcassets */,
			);
			path = Resources;
			sourceTree = "<group>";
		};
/* End PBXGroup section */

/* Begin PBXNativeTarget section */
		596F94512BFD61270092F51C /* Assignment1-SwiftUI */ = {
			isa = PBXNativeTarget;
			buildConfigurationList = 596F94602BFD61290092F51C /* Build configuration list for PBXNativeTarget "Assignment1-SwiftUI" */;
			buildPhases = (
				596F944E2BFD61270092F51C /* Sources */,
				596F944F2BFD61270092F51C /* Frameworks */,
				596F94502BFD61270092F51C /* Resources */,
			);
			buildRules = (
			);
			dependencies = (
			);
			name = "Assignment1-SwiftUI";
			productName = "Assignment1-SwiftUI";
			productReference = 596F94522BFD61270092F51C /* Assignment1-SwiftUI.app */;
			productType = "com.apple.product-type.application";
		};
/* End PBXNativeTarget section */

/* Begin PBXProject section */
		596F944A2BFD61270092F51C /* Project object */ = {
			isa = PBXProject;
			attributes = {
				BuildIndependentTargetsInParallel = 1;
				LastSwiftUpdateCheck = 1540;
				LastUpgradeCheck = 1540;
				TargetAttributes = {
					596F94512BFD61270092F51C = {
						CreatedOnToolsVersion = 15.4;
					};
				};
			};
			buildConfigurationList = 596F944D2BFD61270092F51C /* Build configuration list for PBXProject "Assignment1-SwiftUI" */;
			compatibilityVersion = "Xcode 14.0";
			developmentRegion = en;
			hasScannedForEncodings = 0;
			knownRegions = (
				en,
				Base,
			);
			mainGroup = 596F94492BFD61270092F51C;
			productRefGroup = 596F94532BFD61270092F51C /* Products */;
			projectDirPath = "";
			projectRoot = "";
			targets = (
				596F94512BFD61270092F51C /* Assignment1-SwiftUI */,
			);
		};
/* End PBXProject section */

/* Begin PBXResourcesBuildPhase section */
		596F94502BFD61270092F51C /* Resources */ = {
			isa = PBXResourcesBuildPhase;
			buildActionMask = 2147483647;
			files = (
				596F945D2BFD61290092F51C /* Preview Assets.xcassets in Resources */,
				596F945A2BFD61290092F51C /* Assets.xcassets in Resources */,
			);
			runOnlyForDeploymentPostprocessing = 0;
		};
/* End PBXResourcesBuildPhase section */

/* Begin PBXSourcesBuildPhase section */
		596F944E2BFD61270092F51C /* Sources */ = {
			isa = PBXSourcesBuildPhase;
			buildActionMask = 2147483647;
			files = (
				596F94762BFEACB40092F51C /* ScrollableList.swift in Sources */,
				596F94582BFD61270092F51C /* ContentView.swift in Sources */,
				596F94662BFE43010092F51C /* GuitarRectView.swift in Sources */,
				596F94682BFE447B0092F51C /* ChatRectView.swift in Sources */,
				596F946E2BFEA5EB0092F51C /* Item.swift in Sources */,
				596F94562BFD61270092F51C /* Assignment1_SwiftUIApp.swift in Sources */,
				596F946A2BFE72090092F51C /* NewsRectView.swift in Sources */,
			);
			runOnlyForDeploymentPostprocessing = 0;
		};
/* End PBXSourcesBuildPhase section */

/* Begin XCBuildConfiguration section */
		596F945E2BFD61290092F51C /* Debug */ = {
			isa = XCBuildConfiguration;
			buildSettings = {
				ALWAYS_SEARCH_USER_PATHS = NO;
				ASSETCATALOG_COMPILER_GENERATE_SWIFT_ASSET_SYMBOL_EXTENSIONS = YES;
				CLANG_ANALYZER_NONNULL = YES;
				CLANG_ANALYZER_NUMBER_OBJECT_CONVERSION = YES_AGGRESSIVE;
				CLANG_CXX_LANGUAGE_STANDARD = "gnu++20";
				CLANG_ENABLE_MODULES = YES;
				CLANG_ENABLE_OBJC_ARC = YES;
				CLANG_ENABLE_OBJC_WEAK = YES;
				CLANG_WARN_BLOCK_CAPTURE_AUTORELEASING = YES;
				CLANG_WARN_BOOL_CONVERSION = YES;
				CLANG_WARN_COMMA = YES;
				CLANG_WARN_CONSTANT_CONVERSION = YES;
				CLANG_WARN_DEPRECATED_OBJC_IMPLEMENTATIONS = YES;
				CLANG_WARN_DIRECT_OBJC_ISA_USAGE = YES_ERROR;
				CLANG_WARN_DOCUMENTATION_COMMENTS = YES;
				CLANG_WARN_EMPTY_BODY = YES;
				CLANG_WARN_ENUM_CONVERSION = YES;
				CLANG_WARN_INFINITE_RECURSION = YES;
				CLANG_WARN_INT_CONVERSION = YES;
				CLANG_WARN_NON_LITERAL_NULL_CONVERSION = YES;
				CLANG_WARN_OBJC_IMPLICIT_RETAIN_SELF = YES;
				CLANG_WARN_OBJC_LITERAL_CONVERSION = YES;
				CLANG_WARN_OBJC_ROOT_CLASS = YES_ERROR;
				CLANG_WARN_QUOTED_INCLUDE_IN_FRAMEWORK_HEADER = YES;
				CLANG_WARN_RANGE_LOOP_ANALYSIS = YES;
				CLANG_WARN_STRICT_PROTOTYPES = YES;
				CLANG_WARN_SUSPICIOUS_MOVE = YES;
				CLANG_WARN_UNGUARDED_AVAILABILITY = YES_AGGRESSIVE;
				CLANG_WARN_UNREACHABLE_CODE = YES;
				CLANG_WARN__DUPLICATE_METHOD_MATCH = YES;
				COPY_PHASE_STRIP = NO;
				DEBUG_INFORMATION_FORMAT = dwarf;
				ENABLE_STRICT_OBJC_MSGSEND = YES;
				ENABLE_TESTABILITY = YES;
				ENABLE_USER_SCRIPT_SANDBOXING = YES;
				GCC_C_LANGUAGE_STANDARD = gnu17;
				GCC_DYNAMIC_NO_PIC = NO;
				GCC_NO_COMMON_BLOCKS = YES;
				GCC_OPTIMIZATION_LEVEL = 0;
				GCC_PREPROCESSOR_DEFINITIONS = (
					"DEBUG=1",
					"$(inherited)",
				);
				GCC_WARN_64_TO_32_BIT_CONVERSION = YES;
				GCC_WARN_ABOUT_RETURN_TYPE = YES_ERROR;
				GCC_WARN_UNDECLARED_SELECTOR = YES;
				GCC_WARN_UNINITIALIZED_AUTOS = YES_AGGRESSIVE;
				GCC_WARN_UNUSED_FUNCTION = YES;
				GCC_WARN_UNUSED_VARIABLE = YES;
				IPHONEOS_DEPLOYMENT_TARGET = 17.5;
				LOCALIZATION_PREFERS_STRING_CATALOGS = YES;
				MTL_ENABLE_DEBUG_INFO = INCLUDE_SOURCE;
				MTL_FAST_MATH = YES;
				ONLY_ACTIVE_ARCH = YES;
				SDKROOT = iphoneos;
				SWIFT_ACTIVE_COMPILATION_CONDITIONS = "DEBUG $(inherited)";
				SWIFT_OPTIMIZATION_LEVEL = "-Onone";
			};
			name = Debug;
		};
		596F945F2BFD61290092F51C /* Release */ = {
			isa = XCBuildConfiguration;
			buildSettings = {
				ALWAYS_SEARCH_USER_PATHS = NO;
				ASSETCATALOG_COMPILER_GENERATE_SWIFT_ASSET_SYMBOL_EXTENSIONS = YES;
				CLANG_ANALYZER_NONNULL = YES;
				CLANG_ANALYZER_NUMBER_OBJECT_CONVERSION = YES_AGGRESSIVE;
				CLANG_CXX_LANGUAGE_STANDARD = "gnu++20";
				CLANG_ENABLE_MODULES = YES;
				CLANG_ENABLE_OBJC_ARC = YES;
				CLANG_ENABLE_OBJC_WEAK = YES;
				CLANG_WARN_BLOCK_CAPTURE_AUTORELEASING = YES;
				CLANG_WARN_BOOL_CONVERSION = YES;
				CLANG_WARN_COMMA = YES;
				CLANG_WARN_CONSTANT_CONVERSION = YES;
				CLANG_WARN_DEPRECATED_OBJC_IMPLEMENTATIONS = YES;
				CLANG_WARN_DIRECT_OBJC_ISA_USAGE = YES_ERROR;
				CLANG_WARN_DOCUMENTATION_COMMENTS = YES;
				CLANG_WARN_EMPTY_BODY = YES;
				CLANG_WARN_ENUM_CONVERSION = YES;
				CLANG_WARN_INFINITE_RECURSION = YES;
				CLANG_WARN_INT_CONVERSION = YES;
				CLANG_WARN_NON_LITERAL_NULL_CONVERSION = YES;
				CLANG_WARN_OBJC_IMPLICIT_RETAIN_SELF = YES;
				CLANG_WARN_OBJC_LITERAL_CONVERSION = YES;
				CLANG_WARN_OBJC_ROOT_CLASS = YES_ERROR;
				CLANG_WARN_QUOTED_INCLUDE_IN_FRAMEWORK_HEADER = YES;
				CLANG_WARN_RANGE_LOOP_ANALYSIS = YES;
				CLANG_WARN_STRICT_PROTOTYPES = YES;
				CLANG_WARN_SUSPICIOUS_MOVE = YES;
				CLANG_WARN_UNGUARDED_AVAILABILITY = YES_AGGRESSIVE;
				CLANG_WARN_UNREACHABLE_CODE = YES;
				CLANG_WARN__DUPLICATE_METHOD_MATCH = YES;
				COPY_PHASE_STRIP = NO;
				DEBUG_INFORMATION_FORMAT = "dwarf-with-dsym";
				ENABLE_NS_ASSERTIONS = NO;
				ENABLE_STRICT_OBJC_MSGSEND = YES;
				ENABLE_USER_SCRIPT_SANDBOXING = YES;
				GCC_C_LANGUAGE_STANDARD = gnu17;
				GCC_NO_COMMON_BLOCKS = YES;
				GCC_WARN_64_TO_32_BIT_CONVERSION = YES;
				GCC_WARN_ABOUT_RETURN_TYPE = YES_ERROR;
				GCC_WARN_UNDECLARED_SELECTOR = YES;
				GCC_WARN_UNINITIALIZED_AUTOS = YES_AGGRESSIVE;
				GCC_WARN_UNUSED_FUNCTION = YES;
				GCC_WARN_UNUSED_VARIABLE = YES;
				IPHONEOS_DEPLOYMENT_TARGET = 17.5;
				LOCALIZATION_PREFERS_STRING_CATALOGS = YES;
				MTL_ENABLE_DEBUG_INFO = NO;
				MTL_FAST_MATH = YES;
				SDKROOT = iphoneos;
				SWIFT_COMPILATION_MODE = wholemodule;
				VALIDATE_PRODUCT = YES;
			};
			name = Release;
		};
		596F94612BFD61290092F51C /* Debug */ = {
			isa = XCBuildConfiguration;
			buildSettings = {
				ASSETCATALOG_COMPILER_APPICON_NAME = AppIcon;
				ASSETCATALOG_COMPILER_GLOBAL_ACCENT_COLOR_NAME = AccentColor;
				CODE_SIGN_STYLE = Automatic;
				CURRENT_PROJECT_VERSION = 1;
				DEVELOPMENT_ASSET_PATHS = "\"Assignment1-SwiftUI/Preview Content\"";
				ENABLE_PREVIEWS = YES;
				GENERATE_INFOPLIST_FILE = YES;
				INFOPLIST_KEY_UIApplicationSceneManifest_Generation = YES;
				INFOPLIST_KEY_UIApplicationSupportsIndirectInputEvents = YES;
				INFOPLIST_KEY_UILaunchScreen_Generation = YES;
				INFOPLIST_KEY_UISupportedInterfaceOrientations_iPad = "UIInterfaceOrientationPortrait UIInterfaceOrientationPortraitUpsideDown UIInterfaceOrientationLandscapeLeft UIInterfaceOrientationLandscapeRight";
				INFOPLIST_KEY_UISupportedInterfaceOrientations_iPhone = "UIInterfaceOrientationPortrait UIInterfaceOrientationLandscapeLeft UIInterfaceOrientationLandscapeRight";
				LD_RUNPATH_SEARCH_PATHS = (
					"$(inherited)",
					"@executable_path/Frameworks",
				);
				MARKETING_VERSION = 1.0;
				PRODUCT_BUNDLE_IDENTIFIER = "com.your.TBC.Assignment1-SwiftUI";
				PRODUCT_NAME = "$(TARGET_NAME)";
				SWIFT_EMIT_LOC_STRINGS = YES;
				SWIFT_VERSION = 5.0;
				TARGETED_DEVICE_FAMILY = "1,2";
			};
			name = Debug;
		};
		596F94622BFD61290092F51C /* Release */ = {
			isa = XCBuildConfiguration;
			buildSettings = {
				ASSETCATALOG_COMPILER_APPICON_NAME = AppIcon;
				ASSETCATALOG_COMPILER_GLOBAL_ACCENT_COLOR_NAME = AccentColor;
				CODE_SIGN_STYLE = Automatic;
				CURRENT_PROJECT_VERSION = 1;
				DEVELOPMENT_ASSET_PATHS = "\"Assignment1-SwiftUI/Preview Content\"";
				ENABLE_PREVIEWS = YES;
				GENERATE_INFOPLIST_FILE = YES;
				INFOPLIST_KEY_UIApplicationSceneManifest_Generation = YES;
				INFOPLIST_KEY_UIApplicationSupportsIndirectInputEvents = YES;
				INFOPLIST_KEY_UILaunchScreen_Generation = YES;
				INFOPLIST_KEY_UISupportedInterfaceOrientations_iPad = "UIInterfaceOrientationPortrait UIInterfaceOrientationPortraitUpsideDown UIInterfaceOrientationLandscapeLeft UIInterfaceOrientationLandscapeRight";
				INFOPLIST_KEY_UISupportedInterfaceOrientations_iPhone = "UIInterfaceOrientationPortrait UIInterfaceOrientationLandscapeLeft UIInterfaceOrientationLandscapeRight";
				LD_RUNPATH_SEARCH_PATHS = (
					"$(inherited)",
					"@executable_path/Frameworks",
				);
				MARKETING_VERSION = 1.0;
				PRODUCT_BUNDLE_IDENTIFIER = "com.your.TBC.Assignment1-SwiftUI";
				PRODUCT_NAME = "$(TARGET_NAME)";
				SWIFT_EMIT_LOC_STRINGS = YES;
				SWIFT_VERSION = 5.0;
				TARGETED_DEVICE_FAMILY = "1,2";
			};
			name = Release;
		};
/* End XCBuildConfiguration section */

/* Begin XCConfigurationList section */
		596F944D2BFD61270092F51C /* Build configuration list for PBXProject "Assignment1-SwiftUI" */ = {
			isa = XCConfigurationList;
			buildConfigurations = (
				596F945E2BFD61290092F51C /* Debug */,
				596F945F2BFD61290092F51C /* Release */,
			);
			defaultConfigurationIsVisible = 0;
			defaultConfigurationName = Release;
		};
		596F94602BFD61290092F51C /* Build configuration list for PBXNativeTarget "Assignment1-SwiftUI" */ = {
			isa = XCConfigurationList;
			buildConfigurations = (
				596F94612BFD61290092F51C /* Debug */,
				596F94622BFD61290092F51C /* Release */,
			);
			defaultConfigurationIsVisible = 0;
			defaultConfigurationName = Release;
		};
/* End XCConfigurationList section */
	};
	rootObject = 596F944A2BFD61270092F51C /* Project object */;
}
